
Microsoft Visual Studio Solution File, Format Version 12.00
# Visual Studio Version 16
VisualStudioVersion = 16.0.29025.244
MinimumVisualStudioVersion = 10.0.40219.1
Project("{FAE04EC0-301F-11D3-BF4B-00C04F79EFBC}") = "e3PluginDemo", "e3PluginDemo\e3PluginDemo.csproj", "{5DDFA933-0EDE-46CC-AEBE-AAD65BDD643D}"
EndProject
Global
	GlobalSection(SolutionConfigurationPlatforms) = preSolution
		Debug|Any CPU = Debug|Any CPU
		Debug|x64 = Debug|x64
		Release|Any CPU = Release|Any CPU
		Release|x64 = Release|x64
	EndGlobalSection
	GlobalSection(ProjectConfigurationPlatforms) = postSolution
		{5DDFA933-0EDE-46CC-AEBE-AAD65BDD643D}.Debug|Any CPU.ActiveCfg = Debug|Any CPU
		{5DDFA933-0EDE-46CC-AEBE-AAD65BDD643D}.Debug|Any CPU.Build.0 = Debug|Any CPU
		{5DDFA933-0EDE-46CC-AEBE-AAD65BDD643D}.Debug|x64.ActiveCfg = Debug|x64
		{5DDFA933-0EDE-46CC-AEBE-AAD65BDD643D}.Debug|x64.Build.0 = Debug|x64
		{5DDFA933-0EDE-46CC-AEBE-AAD65BDD643D}.Release|Any CPU.ActiveCfg = Release|Any CPU
		{5DDFA933-0EDE-46CC-AEBE-AAD65BDD643D}.Release|Any CPU.Build.0 = Release|Any CPU
		{5DDFA933-0EDE-46CC-AEBE-AAD65BDD643D}.Release|x64.ActiveCfg = Release|x64
		{5DDFA933-0EDE-46CC-AEBE-AAD65BDD643D}.Release|x64.Build.0 = Release|x64
	EndGlobalSection
	GlobalSection(SolutionProperties) = preSolution
		HideSolutionNode = FALSE
	EndGlobalSection
	GlobalSection(ExtensibilityGlobals) = postSolution
		SolutionGuid = {771CC191-77B1-4C68-956E-854A67FB7F99}
	EndGlobalSection
EndGlobal
